
Microsoft Visual Studio Solution File, Format Version 12.00
Project("{FAE04EC0-301F-11D3-BF4B-00C04F79EFBC}") = "CFinanceManager", "CFinanceManager\CFinanceManager.csproj", "{63FD5BC1-D5CA-47CC-A858-D0CFA86CACFD}"
EndProject
Project("{FAE04EC0-301F-11D3-BF4B-00C04F79EFBC}") = "Application", "Application\Application.csproj", "{0074CADB-49FC-4CF6-85A6-5EDB45E4CDE0}"
EndProject
Project("{FAE04EC0-301F-11D3-BF4B-00C04F79EFBC}") = "Infrastructure", "Infrastructure\Infrastructure.csproj", "{78EE0F86-FE93-4163-B53B-94E1090818D7}"
EndProject
Project("{FAE04EC0-301F-11D3-BF4B-00C04F79EFBC}") = "Domain", "Domain\Domain.csproj", "{91F72C86-A6BF-4D93-A3D7-AB1799B1B832}"
EndProject
Project("{2150E333-8FDC-42A3-9474-1A3956D46DE8}") = "Files", "Files", "{6A43C9CE-B148-44B2-82A1-EFDAAF85E32B}"
	ProjectSection(SolutionItems) = preProject
		.env = .env
		compose.yaml = compose.yaml
		.gitignore = .gitignore
		..\README.md = ..\README.md
		..\mock_transactions.sql = ..\mock_transactions.sql
	EndProjectSection
EndProject
Global
	GlobalSection(SolutionConfigurationPlatforms) = preSolution
		Debug|Any CPU = Debug|Any CPU
		Release|Any CPU = Release|Any CPU
	EndGlobalSection
	GlobalSection(ProjectConfigurationPlatforms) = postSolution
		{63FD5BC1-D5CA-47CC-A858-D0CFA86CACFD}.Debug|Any CPU.ActiveCfg = Debug|Any CPU
		{63FD5BC1-D5CA-47CC-A858-D0CFA86CACFD}.Debug|Any CPU.Build.0 = Debug|Any CPU
		{63FD5BC1-D5CA-47CC-A858-D0CFA86CACFD}.Release|Any CPU.ActiveCfg = Release|Any CPU
		{63FD5BC1-D5CA-47CC-A858-D0CFA86CACFD}.Release|Any CPU.Build.0 = Release|Any CPU
		{0074CADB-49FC-4CF6-85A6-5EDB45E4CDE0}.Debug|Any CPU.ActiveCfg = Debug|Any CPU
		{0074CADB-49FC-4CF6-85A6-5EDB45E4CDE0}.Debug|Any CPU.Build.0 = Debug|Any CPU
		{0074CADB-49FC-4CF6-85A6-5EDB45E4CDE0}.Release|Any CPU.ActiveCfg = Release|Any CPU
		{0074CADB-49FC-4CF6-85A6-5EDB45E4CDE0}.Release|Any CPU.Build.0 = Release|Any CPU
		{78EE0F86-FE93-4163-B53B-94E1090818D7}.Debug|Any CPU.ActiveCfg = Debug|Any CPU
		{78EE0F86-FE93-4163-B53B-94E1090818D7}.Debug|Any CPU.Build.0 = Debug|Any CPU
		{78EE0F86-FE93-4163-B53B-94E1090818D7}.Release|Any CPU.ActiveCfg = Release|Any CPU
		{78EE0F86-FE93-4163-B53B-94E1090818D7}.Release|Any CPU.Build.0 = Release|Any CPU
		{91F72C86-A6BF-4D93-A3D7-AB1799B1B832}.Debug|Any CPU.ActiveCfg = Debug|Any CPU
		{91F72C86-A6BF-4D93-A3D7-AB1799B1B832}.Debug|Any CPU.Build.0 = Debug|Any CPU
		{91F72C86-A6BF-4D93-A3D7-AB1799B1B832}.Release|Any CPU.ActiveCfg = Release|Any CPU
		{91F72C86-A6BF-4D93-A3D7-AB1799B1B832}.Release|Any CPU.Build.0 = Release|Any CPU
	EndGlobalSection
	GlobalSection(NestedProjects) = preSolution
	EndGlobalSection
EndGlobal
